
Microsoft Visual Studio Solution File, Format Version 12.00
Project("{FAE04EC0-301F-11D3-BF4B-00C04F79EFBC}") = "Data", "Data\Data.csproj", "{B41C396D-FB16-4E09-ABDA-6739F8E58104}"
EndProject
Project("{FAE04EC0-301F-11D3-BF4B-00C04F79EFBC}") = "ConsoleAp", "ConsoleAp\ConsoleAp.csproj", "{AFC8B7AD-EA9F-4F03-B18F-6F950AB2835B}"
EndProject
Global
	GlobalSection(SolutionConfigurationPlatforms) = preSolution
		Debug|Any CPU = Debug|Any CPU
		Release|Any CPU = Release|Any CPU
	EndGlobalSection
	GlobalSection(ProjectConfigurationPlatforms) = postSolution
		{B41C396D-FB16-4E09-ABDA-6739F8E58104}.Debug|Any CPU.ActiveCfg = Debug|Any CPU
		{B41C396D-FB16-4E09-ABDA-6739F8E58104}.Debug|Any CPU.Build.0 = Debug|Any CPU
		{B41C396D-FB16-4E09-ABDA-6739F8E58104}.Release|Any CPU.ActiveCfg = Release|Any CPU
		{B41C396D-FB16-4E09-ABDA-6739F8E58104}.Release|Any CPU.Build.0 = Release|Any CPU
		{AFC8B7AD-EA9F-4F03-B18F-6F950AB2835B}.Debug|Any CPU.ActiveCfg = Debug|Any CPU
		{AFC8B7AD-EA9F-4F03-B18F-6F950AB2835B}.Debug|Any CPU.Build.0 = Debug|Any CPU
		{AFC8B7AD-EA9F-4F03-B18F-6F950AB2835B}.Release|Any CPU.ActiveCfg = Release|Any CPU
		{AFC8B7AD-EA9F-4F03-B18F-6F950AB2835B}.Release|Any CPU.Build.0 = Release|Any CPU
	EndGlobalSection
EndGlobal
